// !$*UTF8*$!
{
	archiveVersion = 1;
	classes = {
	};
	objectVersion = 46;
	objects = {

/* Begin PBXBuildFile section */
		8ADE6E571C34203C001669FF /* AppDelegate.swift in Sources */ = {isa = PBXBuildFile; fileRef = 8ADE6E561C34203C001669FF /* AppDelegate.swift */; };
		8ADE6E5C1C34203C001669FF /* Main.storyboard in Resources */ = {isa = PBXBuildFile; fileRef = 8ADE6E5A1C34203C001669FF /* Main.storyboard */; };
		8ADE6E5E1C34203C001669FF /* Assets.xcassets in Resources */ = {isa = PBXBuildFile; fileRef = 8ADE6E5D1C34203C001669FF /* Assets.xcassets */; };
		8ADE6E611C34203C001669FF /* LaunchScreen.storyboard in Resources */ = {isa = PBXBuildFile; fileRef = 8ADE6E5F1C34203C001669FF /* LaunchScreen.storyboard */; };
		8ADE6E6C1C355C4A001669FF /* YVGViewController.swift in Sources */ = {isa = PBXBuildFile; fileRef = 8ADE6E6B1C355C4A001669FF /* YVGViewController.swift */; };
		8ADE6E6E1C355C98001669FF /* YVGMenuViewController.swift in Sources */ = {isa = PBXBuildFile; fileRef = 8ADE6E6D1C355C98001669FF /* YVGMenuViewController.swift */; };
/* End PBXBuildFile section */

/* Begin PBXFileReference section */
		8ADE6E531C34203C001669FF /* YVGTestApp.app */ = {isa = PBXFileReference; explicitFileType = wrapper.application; includeInIndex = 0; path = YVGTestApp.app; sourceTree = BUILT_PRODUCTS_DIR; };
		8ADE6E561C34203C001669FF /* AppDelegate.swift */ = {isa = PBXFileReference; lastKnownFileType = sourcecode.swift; path = AppDelegate.swift; sourceTree = "<group>"; };
		8ADE6E5B1C34203C001669FF /* Base */ = {isa = PBXFileReference; lastKnownFileType = file.storyboard; name = Base; path = Base.lproj/Main.storyboard; sourceTree = "<group>"; };
		8ADE6E5D1C34203C001669FF /* Assets.xcassets */ = {isa = PBXFileReference; lastKnownFileType = folder.assetcatalog; path = Assets.xcassets; sourceTree = "<group>"; };
		8ADE6E601C34203C001669FF /* Base */ = {isa = PBXFileReference; lastKnownFileType = file.storyboard; name = Base; path = Base.lproj/LaunchScreen.storyboard; sourceTree = "<group>"; };
		8ADE6E621C34203C001669FF /* Info.plist */ = {isa = PBXFileReference; lastKnownFileType = text.plist.xml; path = Info.plist; sourceTree = "<group>"; };
		8ADE6E6B1C355C4A001669FF /* YVGViewController.swift */ = {isa = PBXFileReference; fileEncoding = 4; lastKnownFileType = sourcecode.swift; path = YVGViewController.swift; sourceTree = "<group>"; };
		8ADE6E6D1C355C98001669FF /* YVGMenuViewController.swift */ = {isa = PBXFileReference; fileEncoding = 4; lastKnownFileType = sourcecode.swift; path = YVGMenuViewController.swift; sourceTree = "<group>"; };
/* End PBXFileReference section */

/* Begin PBXFrameworksBuildPhase section */
		8ADE6E501C34203C001669FF /* Frameworks */ = {
			isa = PBXFrameworksBuildPhase;
			buildActionMask = 2147483647;
			files = (
			);
			runOnlyForDeploymentPostprocessing = 0;
		};
/* End PBXFrameworksBuildPhase section */

/* Begin PBXGroup section */
		8ADE6E4A1C34203C001669FF = {
			isa = PBXGroup;
			children = (
				8ADE6E551C34203C001669FF /* YVGTestApp */,
				8ADE6E541C34203C001669FF /* Products */,
			);
			sourceTree = "<group>";
		};
		8ADE6E541C34203C001669FF /* Products */ = {
			isa = PBXGroup;
			children = (
				8ADE6E531C34203C001669FF /* YVGTestApp.app */,
			);
			name = Products;
			sourceTree = "<group>";
		};
		8ADE6E551C34203C001669FF /* YVGTestApp */ = {
			isa = PBXGroup;
			children = (
				8ADE6E681C355C4A001669FF /* Resources */,
				8ADE6E691C355C4A001669FF /* Source */,
				8ADE6E561C34203C001669FF /* AppDelegate.swift */,
				8ADE6E5A1C34203C001669FF /* Main.storyboard */,
				8ADE6E5D1C34203C001669FF /* Assets.xcassets */,
				8ADE6E5F1C34203C001669FF /* LaunchScreen.storyboard */,
				8ADE6E621C34203C001669FF /* Info.plist */,
			);
			path = YVGTestApp;
			sourceTree = "<group>";
		};
		8ADE6E681C355C4A001669FF /* Resources */ = {
			isa = PBXGroup;
			children = (
			);
			path = Resources;
			sourceTree = "<group>";
		};
		8ADE6E691C355C4A001669FF /* Source */ = {
			isa = PBXGroup;
			children = (
				8ADE6E6A1C355C4A001669FF /* UI */,
			);
			path = Source;
			sourceTree = "<group>";
		};
		8ADE6E6A1C355C4A001669FF /* UI */ = {
			isa = PBXGroup;
			children = (
				8ADE6E6B1C355C4A001669FF /* YVGViewController.swift */,
				8ADE6E6D1C355C98001669FF /* YVGMenuViewController.swift */,
			);
			path = UI;
			sourceTree = "<group>";
		};
/* End PBXGroup section */

/* Begin PBXNativeTarget section */
		8ADE6E521C34203C001669FF /* YVGTestApp */ = {
			isa = PBXNativeTarget;
			buildConfigurationList = 8ADE6E651C34203C001669FF /* Build configuration list for PBXNativeTarget "YVGTestApp" */;
			buildPhases = (
				8ADE6E4F1C34203C001669FF /* Sources */,
				8ADE6E501C34203C001669FF /* Frameworks */,
				8ADE6E511C34203C001669FF /* Resources */,
			);
			buildRules = (
			);
			dependencies = (
			);
			name = YVGTestApp;
			productName = YVGTestApp;
			productReference = 8ADE6E531C34203C001669FF /* YVGTestApp.app */;
			productType = "com.apple.product-type.application";
		};
/* End PBXNativeTarget section */

/* Begin PBXProject section */
		8ADE6E4B1C34203C001669FF /* Project object */ = {
			isa = PBXProject;
			attributes = {
				LastSwiftUpdateCheck = 0710;
				LastUpgradeCheck = 0710;
				ORGANIZATIONNAME = IDAP;
				TargetAttributes = {
					8ADE6E521C34203C001669FF = {
						CreatedOnToolsVersion = 7.1.1;
					};
				};
			};
			buildConfigurationList = 8ADE6E4E1C34203C001669FF /* Build configuration list for PBXProject "YVGTestApp" */;
			compatibilityVersion = "Xcode 3.2";
			developmentRegion = English;
			hasScannedForEncodings = 0;
			knownRegions = (
				en,
				Base,
			);
			mainGroup = 8ADE6E4A1C34203C001669FF;
			productRefGroup = 8ADE6E541C34203C001669FF /* Products */;
			projectDirPath = "";
			projectRoot = "";
			targets = (
				8ADE6E521C34203C001669FF /* YVGTestApp */,
			);
		};
/* End PBXProject section */

/* Begin PBXResourcesBuildPhase section */
		8ADE6E511C34203C001669FF /* Resources */ = {
			isa = PBXResourcesBuildPhase;
			buildActionMask = 2147483647;
			files = (
				8ADE6E611C34203C001669FF /* LaunchScreen.storyboard in Resources */,
				8ADE6E5E1C34203C001669FF /* Assets.xcassets in Resources */,
				8ADE6E5C1C34203C001669FF /* Main.storyboard in Resources */,
			);
			runOnlyForDeploymentPostprocessing = 0;
		};
/* End PBXResourcesBuildPhase section */

/* Begin PBXSourcesBuildPhase section */
		8ADE6E4F1C34203C001669FF /* Sources */ = {
			isa = PBXSourcesBuildPhase;
			buildActionMask = 2147483647;
			files = (
				8ADE6E6C1C355C4A001669FF /* YVGViewController.swift in Sources */,
				8ADE6E6E1C355C98001669FF /* YVGMenuViewController.swift in Sources */,
				8ADE6E571C34203C001669FF /* AppDelegate.swift in Sources */,
			);
			runOnlyForDeploymentPostprocessing = 0;
		};
/* End PBXSourcesBuildPhase section */

/* Begin PBXVariantGroup section */
		8ADE6E5A1C34203C001669FF /* Main.storyboard */ = {
			isa = PBXVariantGroup;
			children = (
				8ADE6E5B1C34203C001669FF /* Base */,
			);
			name = Main.storyboard;
			sourceTree = "<group>";
		};
		8ADE6E5F1C34203C001669FF /* LaunchScreen.storyboard */ = {
			isa = PBXVariantGroup;
			children = (
				8ADE6E601C34203C001669FF /* Base */,
			);
			name = LaunchScreen.storyboard;
			sourceTree = "<group>";
		};
/* End PBXVariantGroup section */

/* Begin XCBuildConfiguration section */
		8ADE6E631C34203C001669FF /* Debug */ = {
			isa = XCBuildConfiguration;
			buildSettings = {
				ALWAYS_SEARCH_USER_PATHS = NO;
				CLANG_CXX_LANGUAGE_STANDARD = "gnu++0x";
				CLANG_CXX_LIBRARY = "libc++";
				CLANG_ENABLE_MODULES = YES;
				CLANG_ENABLE_OBJC_ARC = YES;
				CLANG_WARN_BOOL_CONVERSION = YES;
				CLANG_WARN_CONSTANT_CONVERSION = YES;
				CLANG_WARN_DIRECT_OBJC_ISA_USAGE = YES_ERROR;
				CLANG_WARN_EMPTY_BODY = YES;
				CLANG_WARN_ENUM_CONVERSION = YES;
				CLANG_WARN_INT_CONVERSION = YES;
				CLANG_WARN_OBJC_ROOT_CLASS = YES_ERROR;
				CLANG_WARN_UNREACHABLE_CODE = YES;
				CLANG_WARN__DUPLICATE_METHOD_MATCH = YES;
				"CODE_SIGN_IDENTITY[sdk=iphoneos*]" = "iPhone Developer";
				COPY_PHASE_STRIP = NO;
				DEBUG_INFORMATION_FORMAT = dwarf;
				ENABLE_STRICT_OBJC_MSGSEND = YES;
				ENABLE_TESTABILITY = YES;
				GCC_C_LANGUAGE_STANDARD = gnu99;
				GCC_DYNAMIC_NO_PIC = NO;
				GCC_NO_COMMON_BLOCKS = YES;
				GCC_OPTIMIZATION_LEVEL = 0;
				GCC_PREPROCESSOR_DEFINITIONS = (
					"DEBUG=1",
					"$(inherited)",
				);
				GCC_WARN_64_TO_32_BIT_CONVERSION = YES;
				GCC_WARN_ABOUT_RETURN_TYPE = YES_ERROR;
				GCC_WARN_UNDECLARED_SELECTOR = YES;
				GCC_WARN_UNINITIALIZED_AUTOS = YES_AGGRESSIVE;
				GCC_WARN_UNUSED_FUNCTION = YES;
				GCC_WARN_UNUSED_VARIABLE = YES;
				IPHONEOS_DEPLOYMENT_TARGET = 8.0;
				MTL_ENABLE_DEBUG_INFO = YES;
				ONLY_ACTIVE_ARCH = YES;
				SDKROOT = iphoneos;
				SWIFT_OPTIMIZATION_LEVEL = "-Onone";
			};
			name = Debug;
		};
		8ADE6E641C34203C001669FF /* Release */ = {
			isa = XCBuildConfiguration;
			buildSettings = {
				ALWAYS_SEARCH_USER_PATHS = NO;
				CLANG_CXX_LANGUAGE_STANDARD = "gnu++0x";
				CLANG_CXX_LIBRARY = "libc++";
				CLANG_ENABLE_MODULES = YES;
				CLANG_ENABLE_OBJC_ARC = YES;
				CLANG_WARN_BOOL_CONVERSION = YES;
				CLANG_WARN_CONSTANT_CONVERSION = YES;
				CLANG_WARN_DIRECT_OBJC_ISA_USAGE = YES_ERROR;
				CLANG_WARN_EMPTY_BODY = YES;
				CLANG_WARN_ENUM_CONVERSION = YES;
				CLANG_WARN_INT_CONVERSION = YES;
				CLANG_WARN_OBJC_ROOT_CLASS = YES_ERROR;
				CLANG_WARN_UNREACHABLE_CODE = YES;
				CLANG_WARN__DUPLICATE_METHOD_MATCH = YES;
				"CODE_SIGN_IDENTITY[sdk=iphoneos*]" = "iPhone Developer";
				COPY_PHASE_STRIP = NO;
				DEBUG_INFORMATION_FORMAT = "dwarf-with-dsym";
				ENABLE_NS_ASSERTIONS = NO;
				ENABLE_STRICT_OBJC_MSGSEND = YES;
				GCC_C_LANGUAGE_STANDARD = gnu99;
				GCC_NO_COMMON_BLOCKS = YES;
				GCC_WARN_64_TO_32_BIT_CONVERSION = YES;
				GCC_WARN_ABOUT_RETURN_TYPE = YES_ERROR;
				GCC_WARN_UNDECLARED_SELECTOR = YES;
				GCC_WARN_UNINITIALIZED_AUTOS = YES_AGGRESSIVE;
				GCC_WARN_UNUSED_FUNCTION = YES;
				GCC_WARN_UNUSED_VARIABLE = YES;
				IPHONEOS_DEPLOYMENT_TARGET = 8.0;
				MTL_ENABLE_DEBUG_INFO = NO;
				SDKROOT = iphoneos;
				VALIDATE_PRODUCT = YES;
			};
			name = Release;
		};
		8ADE6E661C34203C001669FF /* Debug */ = {
			isa = XCBuildConfiguration;
			buildSettings = {
				ASSETCATALOG_COMPILER_APPICON_NAME = AppIcon;
				INFOPLIST_FILE = YVGTestApp/Info.plist;
				IPHONEOS_DEPLOYMENT_TARGET = 8.0;
				LD_RUNPATH_SEARCH_PATHS = "$(inherited) @executable_path/Frameworks";
				PRODUCT_BUNDLE_IDENTIFIER = com.idapgroup.YVGTestApp;
				PRODUCT_NAME = "$(TARGET_NAME)";
			};
			name = Debug;
		};
		8ADE6E671C34203C001669FF /* Release */ = {
			isa = XCBuildConfiguration;
			buildSettings = {
				ASSETCATALOG_COMPILER_APPICON_NAME = AppIcon;
				INFOPLIST_FILE = YVGTestApp/Info.plist;
				IPHONEOS_DEPLOYMENT_TARGET = 8.0;
				LD_RUNPATH_SEARCH_PATHS = "$(inherited) @executable_path/Frameworks";
				PRODUCT_BUNDLE_IDENTIFIER = com.idapgroup.YVGTestApp;
				PRODUCT_NAME = "$(TARGET_NAME)";
			};
			name = Release;
		};
/* End XCBuildConfiguration section */

/* Begin XCConfigurationList section */
		8ADE6E4E1C34203C001669FF /* Build configuration list for PBXProject "YVGTestApp" */ = {
			isa = XCConfigurationList;
			buildConfigurations = (
				8ADE6E631C34203C001669FF /* Debug */,
				8ADE6E641C34203C001669FF /* Release */,
			);
			defaultConfigurationIsVisible = 0;
			defaultConfigurationName = Release;
		};
		8ADE6E651C34203C001669FF /* Build configuration list for PBXNativeTarget "YVGTestApp" */ = {
			isa = XCConfigurationList;
			buildConfigurations = (
				8ADE6E661C34203C001669FF /* Debug */,
				8ADE6E671C34203C001669FF /* Release */,
			);
			defaultConfigurationIsVisible = 0;
		};
/* End XCConfigurationList section */
	};
	rootObject = 8ADE6E4B1C34203C001669FF /* Project object */;
}
